
Microsoft Visual Studio Solution File, Format Version 12.00
Project("{FAE04EC0-301F-11D3-BF4B-00C04F79EFBC}") = "BackendGreenFil.API", "BackendGreenFil.API\BackendGreenFil.API.csproj", "{F07F0AC1-FB29-4552-A286-220E91B32F1B}"
EndProject
Global
	GlobalSection(SolutionConfigurationPlatforms) = preSolution
		Debug|Any CPU = Debug|Any CPU
		Release|Any CPU = Release|Any CPU
	EndGlobalSection
	GlobalSection(ProjectConfigurationPlatforms) = postSolution
		{F07F0AC1-FB29-4552-A286-220E91B32F1B}.Debug|Any CPU.ActiveCfg = Debug|Any CPU
		{F07F0AC1-FB29-4552-A286-220E91B32F1B}.Debug|Any CPU.Build.0 = Debug|Any CPU
		{F07F0AC1-FB29-4552-A286-220E91B32F1B}.Release|Any CPU.ActiveCfg = Release|Any CPU
		{F07F0AC1-FB29-4552-A286-220E91B32F1B}.Release|Any CPU.Build.0 = Release|Any CPU
	EndGlobalSection
EndGlobal
